Microsoft Visual Studio Solution File, Format Version 12.00
# Visual Studio Version 17
VisualStudioVersion = 17.5.2.0
MinimumVisualStudioVersion = 10.0.40219.1
Project("{FAE04EC0-301F-11D3-BF4B-00C04F79EFBC}") = "CampaignManager.AppHost", "CampaignManager.AppHost\CampaignManager.AppHost.csproj", "{6BC8FB04-ED98-428D-282A-E6DB40CD39B1}"
EndProject
Project("{FAE04EC0-301F-11D3-BF4B-00C04F79EFBC}") = "CampaignManager.ServiceDefaults", "CampaignManager.ServiceDefaults\CampaignManager.ServiceDefaults.csproj", "{75FF6F9E-33E4-E71B-6DF5-5303889ABBB4}"
EndProject
Project("{FAE04EC0-301F-11D3-BF4B-00C04F79EFBC}") = "CampaignManager.Web", "CampaignManager.Web\CampaignManager.Web.csproj", "{00869CF7-960C-E29F-0248-BD053740F884}"
EndProject
Global
	GlobalSection(SolutionConfigurationPlatforms) = preSolution
		Debug|Any CPU = Debug|Any CPU
		Release|Any CPU = Release|Any CPU
	EndGlobalSection
	GlobalSection(ProjectConfigurationPlatforms) = postSolution
		{6BC8FB04-ED98-428D-282A-E6DB40CD39B1}.Debug|Any CPU.ActiveCfg = Debug|Any CPU
		{6BC8FB04-ED98-428D-282A-E6DB40CD39B1}.Debug|Any CPU.Build.0 = Debug|Any CPU
		{6BC8FB04-ED98-428D-282A-E6DB40CD39B1}.Release|Any CPU.ActiveCfg = Release|Any CPU
		{6BC8FB04-ED98-428D-282A-E6DB40CD39B1}.Release|Any CPU.Build.0 = Release|Any CPU
		{75FF6F9E-33E4-E71B-6DF5-5303889ABBB4}.Debug|Any CPU.ActiveCfg = Debug|Any CPU
		{75FF6F9E-33E4-E71B-6DF5-5303889ABBB4}.Debug|Any CPU.Build.0 = Debug|Any CPU
		{75FF6F9E-33E4-E71B-6DF5-5303889ABBB4}.Release|Any CPU.ActiveCfg = Release|Any CPU
		{75FF6F9E-33E4-E71B-6DF5-5303889ABBB4}.Release|Any CPU.Build.0 = Release|Any CPU
		{00869CF7-960C-E29F-0248-BD053740F884}.Debug|Any CPU.ActiveCfg = Debug|Any CPU
		{00869CF7-960C-E29F-0248-BD053740F884}.Debug|Any CPU.Build.0 = Debug|Any CPU
		{00869CF7-960C-E29F-0248-BD053740F884}.Release|Any CPU.ActiveCfg = Release|Any CPU
		{00869CF7-960C-E29F-0248-BD053740F884}.Release|Any CPU.Build.0 = Release|Any CPU
	EndGlobalSection
	GlobalSection(SolutionProperties) = preSolution
		HideSolutionNode = FALSE
	EndGlobalSection
	GlobalSection(ExtensibilityGlobals) = postSolution
		SolutionGuid = {6B80C0E6-53C7-4FCC-9696-A9E06B51202A}
	EndGlobalSection
EndGlobal
