<Solution>
  <Folder Name="/Solution Items/" Id="02ea681e-c7d8-13c7-8484-4ac65e1b71e8">
    <File Path=".editorconfig" />
    <File Path="Directory.Build.props" />
    <File Path="Directory.Packages.props" />
    <File Path="src/Dockerfile" />
    <File Path="global.json" />
    <File Path="LICENSE.txt" />
  </Folder>
  <Folder Name="/src/">
    <Project Path="src/CampaignManager.ApiClient/CampaignManager.ApiClient.csproj" />
    <Project Path="src/CampaignManager.Contracts/CampaignManager.Contracts.csproj" />
    <Project Path="src/CampaignManager.Core/CampaignManager.Core.csproj" />
    <Project Path="src/CampaignManager.Data/CampaignManager.Data.csproj" />
    <Project Path="src/CampaignManager.Server/CampaignManager.Server.csproj" />
    <Project Path="src/CampaignManager.UI/CampaignManager.UI.csproj" />
    <Project Path="src/CampaignManager.Web.Client/CampaignManager.Web.Client.csproj" />
  </Folder>
  <Folder Name="/tests/">
    <Project Path="tests/CampaignManager.Core.Tests/CampaignManager.Core.Tests.csproj" />
    <Project Path="tests/CampaignManager.Migrate.Tests/CampaignManager.Migrate.Tests.csproj" />
    <Project Path="tests/CampaignManager.Server.Tests/CampaignManager.Server.Tests.csproj" />
    <Project Path="tests/CampaignManager.UI.Tests/CampaignManager.UI.Tests.csproj" />
  </Folder>
  <Folder Name="/tools/">
    <Project Path="tools/CampaignManager.Migrate/CampaignManager.Migrate.csproj" />
  </Folder>
</Solution>
