<Solution>
  <Properties Name="Visual Studio">
    <Property Name="OpenWith" Value="Visual Studio Version 17" />
  </Properties>
  <Project Path="CampaignManager.AppHost\CampaignManager.AppHost.csproj" Type="C#" />
  <Project Path="CampaignManager.ServiceDefaults\CampaignManager.ServiceDefaults.csproj" Type="C#" />
  <Project Path="CampaignManager.Web\CampaignManager.Web.csproj" Type="C#" />
</Solution>
